{
  "name": "KIvsGehirn",
  "lockfileVersion": 2,
  "requires": true,
  "packages": {
    "": {
      "dependencies": {
        "sidebarjs": "^9.0.0"
      }
    },
    "node_modules/sidebarjs": {
      "version": "9.0.0",
      "resolved": "https://registry.npmjs.org/sidebarjs/-/sidebarjs-9.0.0.tgz",
      "integrity": "sha512-hS78YXFl9rpeMHoYM5Wsfa+/Zkh8fh7yrjq/OhST7YYmjeF+bP1jRXY6SRFGKQq8IJV1BhGhk5/jPZYKgNp7Yw==",
      "engines": {
        "node": ">=12.7.0",
        "npm": ">=6.10.0"
      }
    }
  },
  "dependencies": {
    "sidebarjs": {
      "version": "9.0.0",
      "resolved": "https://registry.npmjs.org/sidebarjs/-/sidebarjs-9.0.0.tgz",
      "integrity": "sha512-hS78YXFl9rpeMHoYM5Wsfa+/Zkh8fh7yrjq/OhST7YYmjeF+bP1jRXY6SRFGKQq8IJV1BhGhk5/jPZYKgNp7Yw=="
    }
  }
}
